
Microsoft Visual Studio Solution File, Format Version 12.00
# Visual Studio Version 17
VisualStudioVersion = 17.14.36414.22
MinimumVisualStudioVersion = 10.0.40219.1
Project("{FAE04EC0-301F-11D3-BF4B-00C04F79EFBC}") = "Entertainment.Server.API", "Entertainment.Server.API\Entertainment.Server.API.csproj", "{FC2981FC-BF8A-43D8-96C3-93240A13C99A}"
EndProject
Project("{FAE04EC0-301F-11D3-BF4B-00C04F79EFBC}") = "Entertainment.Server.Application", "Entertainment.Server.Application\Entertainment.Server.Application.csproj", "{98DDDBB5-6ADA-4029-83B5-9493CBC0DEF9}"
EndProject
Global
	GlobalSection(SolutionConfigurationPlatforms) = preSolution
		Debug|Any CPU = Debug|Any CPU
		Release|Any CPU = Release|Any CPU
	EndGlobalSection
	GlobalSection(ProjectConfigurationPlatforms) = postSolution
		{FC2981FC-BF8A-43D8-96C3-93240A13C99A}.Debug|Any CPU.ActiveCfg = Debug|Any CPU
		{FC2981FC-BF8A-43D8-96C3-93240A13C99A}.Debug|Any CPU.Build.0 = Debug|Any CPU
		{FC2981FC-BF8A-43D8-96C3-93240A13C99A}.Release|Any CPU.ActiveCfg = Release|Any CPU
		{FC2981FC-BF8A-43D8-96C3-93240A13C99A}.Release|Any CPU.Build.0 = Release|Any CPU
		{98DDDBB5-6ADA-4029-83B5-9493CBC0DEF9}.Debug|Any CPU.ActiveCfg = Debug|Any CPU
		{98DDDBB5-6ADA-4029-83B5-9493CBC0DEF9}.Debug|Any CPU.Build.0 = Debug|Any CPU
		{98DDDBB5-6ADA-4029-83B5-9493CBC0DEF9}.Release|Any CPU.ActiveCfg = Release|Any CPU
		{98DDDBB5-6ADA-4029-83B5-9493CBC0DEF9}.Release|Any CPU.Build.0 = Release|Any CPU
	EndGlobalSection
	GlobalSection(SolutionProperties) = preSolution
		HideSolutionNode = FALSE
	EndGlobalSection
	GlobalSection(ExtensibilityGlobals) = postSolution
		SolutionGuid = {2FC35CC2-78E8-49D5-AD5B-93D05299887A}
	EndGlobalSection
EndGlobal
